// !$*UTF8*$!
{
	archiveVersion = 1;
	classes = {
	};
	objectVersion = 48;
	objects = {

/* Begin PBXBuildFile section */
		3A1251DD1F7ECDE500D2C198 /* UserInfo.m in Sources */ = {isa = PBXBuildFile; fileRef = 3A1251DC1F7ECDE500D2C198 /* UserInfo.m */; };
		3A1690151F78675F00D26755 /* AppDelegate.m in Sources */ = {isa = PBXBuildFile; fileRef = 3A1690141F78675F00D26755 /* AppDelegate.m */; };
		3A16901B1F78675F00D26755 /* Main.storyboard in Resources */ = {isa = PBXBuildFile; fileRef = 3A1690191F78675F00D26755 /* Main.storyboard */; };
		3A16901E1F78675F00D26755 /* ESPCON.xcdatamodeld in Sources */ = {isa = PBXBuildFile; fileRef = 3A16901C1F78675F00D26755 /* ESPCON.xcdatamodeld */; };
		3A1690201F78675F00D26755 /* Assets.xcassets in Resources */ = {isa = PBXBuildFile; fileRef = 3A16901F1F78675F00D26755 /* Assets.xcassets */; };
		3A1690231F78675F00D26755 /* LaunchScreen.storyboard in Resources */ = {isa = PBXBuildFile; fileRef = 3A1690211F78675F00D26755 /* LaunchScreen.storyboard */; };
		3A1690261F78675F00D26755 /* main.m in Sources */ = {isa = PBXBuildFile; fileRef = 3A1690251F78675F00D26755 /* main.m */; };
		3A7FBB081F79A72100E6F0FB /* UIScrollView+EmptyDataSet.m in Sources */ = {isa = PBXBuildFile; fileRef = 3A7FBB061F79A72100E6F0FB /* UIScrollView+EmptyDataSet.m */; };
		3A7FBB0E1F79A82200E6F0FB /* DevicesViewController.m in Sources */ = {isa = PBXBuildFile; fileRef = 3A7FBB0D1F79A82200E6F0FB /* DevicesViewController.m */; };
		3A7FBB121F79B1C400E6F0FB /* AddDeviceViewController.m in Sources */ = {isa = PBXBuildFile; fileRef = 3A7FBB111F79B1C400E6F0FB /* AddDeviceViewController.m */; };
		3A7FBB141F79B88C00E6F0FB /* Auth.storyboard in Resources */ = {isa = PBXBuildFile; fileRef = 3A7FBB131F79B88C00E6F0FB /* Auth.storyboard */; };
		3A7FBB2A1F7A304E00E6F0FB /* EspTouchService.m in Sources */ = {isa = PBXBuildFile; fileRef = 3A7FBB291F7A304E00E6F0FB /* EspTouchService.m */; };
		3A7FBB2F1F7A40A900E6F0FB /* NetworkingService.m in Sources */ = {isa = PBXBuildFile; fileRef = 3A7FBB2E1F7A40A900E6F0FB /* NetworkingService.m */; };
		3AB017161F7C65540010EE46 /* SignUpViewController.m in Sources */ = {isa = PBXBuildFile; fileRef = 3AB017151F7C65540010EE46 /* SignUpViewController.m */; };
		3AB0171A1F7C657F0010EE46 /* SignInViewController.m in Sources */ = {isa = PBXBuildFile; fileRef = 3AB017191F7C657F0010EE46 /* SignInViewController.m */; };
		3AB0171F1F7C6A420010EE46 /* KeyboardDismissingView.swift in Sources */ = {isa = PBXBuildFile; fileRef = 3AB0171D1F7C6A3E0010EE46 /* KeyboardDismissingView.swift */; };
		3AB017201F7C6A420010EE46 /* KeyboardAvoiding.swift in Sources */ = {isa = PBXBuildFile; fileRef = 3AB0171E1F7C6A3F0010EE46 /* KeyboardAvoiding.swift */; };
		3AE414191F8126FE0008B292 /* DevicesService.m in Sources */ = {isa = PBXBuildFile; fileRef = 3AE414181F8126FE0008B292 /* DevicesService.m */; };
		3AE4141C1F812DFB0008B292 /* Device.m in Sources */ = {isa = PBXBuildFile; fileRef = 3AE4141B1F812DFB0008B292 /* Device.m */; };
		3AE414421F81AE0D0008B292 /* IQKeyboardReturnKeyHandler.m in Sources */ = {isa = PBXBuildFile; fileRef = 3AE414411F81AD4E0008B292 /* IQKeyboardReturnKeyHandler.m */; };
		3AE414431F81AE370008B292 /* IQTextView.m in Sources */ = {isa = PBXBuildFile; fileRef = 3AE4141F1F81AD4E0008B292 /* IQTextView.m */; };
		3AE414441F81AE460008B292 /* IQTitleBarButtonItem.m in Sources */ = {isa = PBXBuildFile; fileRef = 3AE414251F81AD4E0008B292 /* IQTitleBarButtonItem.m */; };
		3AE414451F81AE490008B292 /* IQToolbar.m in Sources */ = {isa = PBXBuildFile; fileRef = 3AE414231F81AD4E0008B292 /* IQToolbar.m */; };
		3AE414461F81AE4C0008B292 /* IQBarButtonItem.m in Sources */ = {isa = PBXBuildFile; fileRef = 3AE414261F81AD4E0008B292 /* IQBarButtonItem.m */; };
		3AE414471F81AE500008B292 /* IQUIView+IQKeyboardToolbar.m in Sources */ = {isa = PBXBuildFile; fileRef = 3AE414271F81AD4E0008B292 /* IQUIView+IQKeyboardToolbar.m */; };
		3AE414481F81AE530008B292 /* IQPreviousNextView.m in Sources */ = {isa = PBXBuildFile; fileRef = 3AE414281F81AD4E0008B292 /* IQPreviousNextView.m */; };
		3AE414491F81AE710008B292 /* IQKeyboardManager.m in Sources */ = {isa = PBXBuildFile; fileRef = 3AE414331F81AD4E0008B292 /* IQKeyboardManager.m */; };
		3AE4144A1F81AE7C0008B292 /* IQNSArray+Sort.m in Sources */ = {isa = PBXBuildFile; fileRef = 3AE414351F81AD4E0008B292 /* IQNSArray+Sort.m */; };
		3AE4144B1F81AE7C0008B292 /* IQUIWindow+Hierarchy.m in Sources */ = {isa = PBXBuildFile; fileRef = 3AE414361F81AD4E0008B292 /* IQUIWindow+Hierarchy.m */; };
		3AE4144C1F81AE7C0008B292 /* IQUITextFieldView+Additions.m in Sources */ = {isa = PBXBuildFile; fileRef = 3AE414381F81AD4E0008B292 /* IQUITextFieldView+Additions.m */; };
		3AE4144D1F81AE7C0008B292 /* IQUIScrollView+Additions.m in Sources */ = {isa = PBXBuildFile; fileRef = 3AE414391F81AD4E0008B292 /* IQUIScrollView+Additions.m */; };
		3AE4144E1F81AE7C0008B292 /* IQUIView+Hierarchy.m in Sources */ = {isa = PBXBuildFile; fileRef = 3AE4143A1F81AD4E0008B292 /* IQUIView+Hierarchy.m */; };
		3AE4144F1F81AE7C0008B292 /* IQUIViewController+Additions.m in Sources */ = {isa = PBXBuildFile; fileRef = 3AE4143F1F81AD4E0008B292 /* IQUIViewController+Additions.m */; };
		3AE414561F81C7900008B292 /* DeviceTableViewCell.m in Sources */ = {isa = PBXBuildFile; fileRef = 3AE414551F81C7900008B292 /* DeviceTableViewCell.m */; };
		3AED02861F7A43160072D788 /* SplashScreenViewController.m in Sources */ = {isa = PBXBuildFile; fileRef = 3AED02851F7A43160072D788 /* SplashScreenViewController.m */; };
		3AF67BE71F7EE4C30074D7BE /* LocalDatabaseService.m in Sources */ = {isa = PBXBuildFile; fileRef = 3AF67BE61F7EE4C30074D7BE /* LocalDatabaseService.m */; };
/* End PBXBuildFile section */

/* Begin PBXFileReference section */
		3A1251DB1F7ECDE500D2C198 /* UserInfo.h */ = {isa = PBXFileReference; lastKnownFileType = sourcecode.c.h; path = UserInfo.h; sourceTree = "<group>"; };
		3A1251DC1F7ECDE500D2C198 /* UserInfo.m */ = {isa = PBXFileReference; lastKnownFileType = sourcecode.c.objc; path = UserInfo.m; sourceTree = "<group>"; };
		3A1690101F78675F00D26755 /* ESPCON.app */ = {isa = PBXFileReference; explicitFileType = wrapper.application; includeInIndex = 0; path = ESPCON.app; sourceTree = BUILT_PRODUCTS_DIR; };
		3A1690131F78675F00D26755 /* AppDelegate.h */ = {isa = PBXFileReference; lastKnownFileType = sourcecode.c.h; path = AppDelegate.h; sourceTree = "<group>"; };
		3A1690141F78675F00D26755 /* AppDelegate.m */ = {isa = PBXFileReference; lastKnownFileType = sourcecode.c.objc; path = AppDelegate.m; sourceTree = "<group>"; };
		3A16901A1F78675F00D26755 /* Base */ = {isa = PBXFileReference; lastKnownFileType = file.storyboard; name = Base; path = Base.lproj/Main.storyboard; sourceTree = "<group>"; };
		3A16901D1F78675F00D26755 /* ESPCON.xcdatamodel */ = {isa = PBXFileReference; lastKnownFileType = wrapper.xcdatamodel; path = ESPCON.xcdatamodel; sourceTree = "<group>"; };
		3A16901F1F78675F00D26755 /* Assets.xcassets */ = {isa = PBXFileReference; lastKnownFileType = folder.assetcatalog; path = Assets.xcassets; sourceTree = "<group>"; };
		3A1690221F78675F00D26755 /* Base */ = {isa = PBXFileReference; lastKnownFileType = file.storyboard; name = Base; path = Base.lproj/LaunchScreen.storyboard; sourceTree = "<group>"; };
		3A1690241F78675F00D26755 /* Info.plist */ = {isa = PBXFileReference; lastKnownFileType = text.plist.xml; path = Info.plist; sourceTree = "<group>"; };
		3A1690251F78675F00D26755 /* main.m */ = {isa = PBXFileReference; lastKnownFileType = sourcecode.c.objc; path = main.m; sourceTree = "<group>"; };
		3A7FBB061F79A72100E6F0FB /* UIScrollView+EmptyDataSet.m */ = {isa = PBXFileReference; lastKnownFileType = sourcecode.c.objc; path = "UIScrollView+EmptyDataSet.m"; sourceTree = "<group>"; };
		3A7FBB071F79A72100E6F0FB /* UIScrollView+EmptyDataSet.h */ = {isa = PBXFileReference; lastKnownFileType = sourcecode.c.h; path = "UIScrollView+EmptyDataSet.h"; sourceTree = "<group>"; };
		3A7FBB0C1F79A82200E6F0FB /* DevicesViewController.h */ = {isa = PBXFileReference; lastKnownFileType = sourcecode.c.h; path = DevicesViewController.h; sourceTree = "<group>"; };
		3A7FBB0D1F79A82200E6F0FB /* DevicesViewController.m */ = {isa = PBXFileReference; lastKnownFileType = sourcecode.c.objc; path = DevicesViewController.m; sourceTree = "<group>"; };
		3A7FBB101F79B1C400E6F0FB /* AddDeviceViewController.h */ = {isa = PBXFileReference; lastKnownFileType = sourcecode.c.h; path = AddDeviceViewController.h; sourceTree = "<group>"; };
		3A7FBB111F79B1C400E6F0FB /* AddDeviceViewController.m */ = {isa = PBXFileReference; lastKnownFileType = sourcecode.c.objc; path = AddDeviceViewController.m; sourceTree = "<group>"; };
		3A7FBB131F79B88C00E6F0FB /* Auth.storyboard */ = {isa = PBXFileReference; lastKnownFileType = file.storyboard; path = Auth.storyboard; sourceTree = "<group>"; };
		3A7FBB281F7A304E00E6F0FB /* EspTouchService.h */ = {isa = PBXFileReference; lastKnownFileType = sourcecode.c.h; path = EspTouchService.h; sourceTree = "<group>"; };
		3A7FBB291F7A304E00E6F0FB /* EspTouchService.m */ = {isa = PBXFileReference; lastKnownFileType = sourcecode.c.objc; path = EspTouchService.m; sourceTree = "<group>"; };
		3A7FBB2D1F7A40A900E6F0FB /* NetworkingService.h */ = {isa = PBXFileReference; lastKnownFileType = sourcecode.c.h; path = NetworkingService.h; sourceTree = "<group>"; };
		3A7FBB2E1F7A40A900E6F0FB /* NetworkingService.m */ = {isa = PBXFileReference; lastKnownFileType = sourcecode.c.objc; path = NetworkingService.m; sourceTree = "<group>"; };
		3AB017141F7C65540010EE46 /* SignUpViewController.h */ = {isa = PBXFileReference; lastKnownFileType = sourcecode.c.h; path = SignUpViewController.h; sourceTree = "<group>"; };
		3AB017151F7C65540010EE46 /* SignUpViewController.m */ = {isa = PBXFileReference; lastKnownFileType = sourcecode.c.objc; path = SignUpViewController.m; sourceTree = "<group>"; };
		3AB017181F7C657F0010EE46 /* SignInViewController.h */ = {isa = PBXFileReference; lastKnownFileType = sourcecode.c.h; path = SignInViewController.h; sourceTree = "<group>"; };
		3AB017191F7C657F0010EE46 /* SignInViewController.m */ = {isa = PBXFileReference; lastKnownFileType = sourcecode.c.objc; path = SignInViewController.m; sourceTree = "<group>"; };
		3AB0171C1F7C6A3A0010EE46 /* ESPCON-Bridging-Header.h */ = {isa = PBXFileReference; lastKnownFileType = sourcecode.c.h; path = "ESPCON-Bridging-Header.h"; sourceTree = "<group>"; };
		3AB0171D1F7C6A3E0010EE46 /* KeyboardDismissingView.swift */ = {isa = PBXFileReference; lastKnownFileType = sourcecode.swift; path = KeyboardDismissingView.swift; sourceTree = "<group>"; };
		3AB0171E1F7C6A3F0010EE46 /* KeyboardAvoiding.swift */ = {isa = PBXFileReference; lastKnownFileType = sourcecode.swift; path = KeyboardAvoiding.swift; sourceTree = "<group>"; };
		3AE414171F8126FE0008B292 /* DevicesService.h */ = {isa = PBXFileReference; lastKnownFileType = sourcecode.c.h; path = DevicesService.h; sourceTree = "<group>"; };
		3AE414181F8126FE0008B292 /* DevicesService.m */ = {isa = PBXFileReference; lastKnownFileType = sourcecode.c.objc; path = DevicesService.m; sourceTree = "<group>"; };
		3AE4141A1F812DFB0008B292 /* Device.h */ = {isa = PBXFileReference; lastKnownFileType = sourcecode.c.h; path = Device.h; sourceTree = "<group>"; };
		3AE4141B1F812DFB0008B292 /* Device.m */ = {isa = PBXFileReference; lastKnownFileType = sourcecode.c.objc; path = Device.m; sourceTree = "<group>"; };
		3AE4141F1F81AD4E0008B292 /* IQTextView.m */ = {isa = PBXFileReference; lastKnownFileType = sourcecode.c.objc; path = IQTextView.m; sourceTree = "<group>"; };
		3AE414201F81AD4E0008B292 /* IQTextView.h */ = {isa = PBXFileReference; lastKnownFileType = sourcecode.c.h; path = IQTextView.h; sourceTree = "<group>"; };
		3AE414221F81AD4E0008B292 /* IQUIView+IQKeyboardToolbar.h */ = {isa = PBXFileReference; lastKnownFileType = sourcecode.c.h; path = "IQUIView+IQKeyboardToolbar.h"; sourceTree = "<group>"; };
		3AE414231F81AD4E0008B292 /* IQToolbar.m */ = {isa = PBXFileReference; lastKnownFileType = sourcecode.c.objc; path = IQToolbar.m; sourceTree = "<group>"; };
		3AE414241F81AD4E0008B292 /* IQPreviousNextView.h */ = {isa = PBXFileReference; lastKnownFileType = sourcecode.c.h; path = IQPreviousNextView.h; sourceTree = "<group>"; };
		3AE414251F81AD4E0008B292 /* IQTitleBarButtonItem.m */ = {isa = PBXFileReference; lastKnownFileType = sourcecode.c.objc; path = IQTitleBarButtonItem.m; sourceTree = "<group>"; };
		3AE414261F81AD4E0008B292 /* IQBarButtonItem.m */ = {isa = PBXFileReference; lastKnownFileType = sourcecode.c.objc; path = IQBarButtonItem.m; sourceTree = "<group>"; };
		3AE414271F81AD4E0008B292 /* IQUIView+IQKeyboardToolbar.m */ = {isa = PBXFileReference; lastKnownFileType = sourcecode.c.objc; path = "IQUIView+IQKeyboardToolbar.m"; sourceTree = "<group>"; };
		3AE414281F81AD4E0008B292 /* IQPreviousNextView.m */ = {isa = PBXFileReference; lastKnownFileType = sourcecode.c.objc; path = IQPreviousNextView.m; sourceTree = "<group>"; };
		3AE414291F81AD4E0008B292 /* IQToolbar.h */ = {isa = PBXFileReference; lastKnownFileType = sourcecode.c.h; path = IQToolbar.h; sourceTree = "<group>"; };
		3AE4142A1F81AD4E0008B292 /* IQBarButtonItem.h */ = {isa = PBXFileReference; lastKnownFileType = sourcecode.c.h; path = IQBarButtonItem.h; sourceTree = "<group>"; };
		3AE4142B1F81AD4E0008B292 /* IQTitleBarButtonItem.h */ = {isa = PBXFileReference; lastKnownFileType = sourcecode.c.h; path = IQTitleBarButtonItem.h; sourceTree = "<group>"; };
		3AE4142D1F81AD4E0008B292 /* IQKeyboardManagerConstantsInternal.h */ = {isa = PBXFileReference; lastKnownFileType = sourcecode.c.h; path = IQKeyboardManagerConstantsInternal.h; sourceTree = "<group>"; };
		3AE4142E1F81AD4E0008B292 /* IQKeyboardManagerConstants.h */ = {isa = PBXFileReference; lastKnownFileType = sourcecode.c.h; path = IQKeyboardManagerConstants.h; sourceTree = "<group>"; };
		3AE414301F81AD4E0008B292 /* IQKeyboardManager.bundle */ = {isa = PBXFileReference; lastKnownFileType = "wrapper.plug-in"; path = IQKeyboardManager.bundle; sourceTree = "<group>"; };
		3AE414311F81AD4E0008B292 /* IQKeyboardReturnKeyHandler.h */ = {isa = PBXFileReference; lastKnownFileType = sourcecode.c.h; path = IQKeyboardReturnKeyHandler.h; sourceTree = "<group>"; };
		3AE414321F81AD4E0008B292 /* IQKeyboardManager.h */ = {isa = PBXFileReference; lastKnownFileType = sourcecode.c.h; path = IQKeyboardManager.h; sourceTree = "<group>"; };
		3AE414331F81AD4E0008B292 /* IQKeyboardManager.m */ = {isa = PBXFileReference; lastKnownFileType = sourcecode.c.objc; path = IQKeyboardManager.m; sourceTree = "<group>"; };
		3AE414351F81AD4E0008B292 /* IQNSArray+Sort.m */ = {isa = PBXFileReference; lastKnownFileType = sourcecode.c.objc; path = "IQNSArray+Sort.m"; sourceTree = "<group>"; };
		3AE414361F81AD4E0008B292 /* IQUIWindow+Hierarchy.m */ = {isa = PBXFileReference; lastKnownFileType = sourcecode.c.objc; path = "IQUIWindow+Hierarchy.m"; sourceTree = "<group>"; };
		3AE414371F81AD4E0008B292 /* IQUIViewController+Additions.h */ = {isa = PBXFileReference; lastKnownFileType = sourcecode.c.h; path = "IQUIViewController+Additions.h"; sourceTree = "<group>"; };
		3AE414381F81AD4E0008B292 /* IQUITextFieldView+Additions.m */ = {isa = PBXFileReference; lastKnownFileType = sourcecode.c.objc; path = "IQUITextFieldView+Additions.m"; sourceTree = "<group>"; };
		3AE414391F81AD4E0008B292 /* IQUIScrollView+Additions.m */ = {isa = PBXFileReference; lastKnownFileType = sourcecode.c.objc; path = "IQUIScrollView+Additions.m"; sourceTree = "<group>"; };
		3AE4143A1F81AD4E0008B292 /* IQUIView+Hierarchy.m */ = {isa = PBXFileReference; lastKnownFileType = sourcecode.c.objc; path = "IQUIView+Hierarchy.m"; sourceTree = "<group>"; };
		3AE4143B1F81AD4E0008B292 /* IQUIWindow+Hierarchy.h */ = {isa = PBXFileReference; lastKnownFileType = sourcecode.c.h; path = "IQUIWindow+Hierarchy.h"; sourceTree = "<group>"; };
		3AE4143C1F81AD4E0008B292 /* IQNSArray+Sort.h */ = {isa = PBXFileReference; lastKnownFileType = sourcecode.c.h; path = "IQNSArray+Sort.h"; sourceTree = "<group>"; };
		3AE4143D1F81AD4E0008B292 /* IQUIScrollView+Additions.h */ = {isa = PBXFileReference; lastKnownFileType = sourcecode.c.h; path = "IQUIScrollView+Additions.h"; sourceTree = "<group>"; };
		3AE4143E1F81AD4E0008B292 /* IQUITextFieldView+Additions.h */ = {isa = PBXFileReference; lastKnownFileType = sourcecode.c.h; path = "IQUITextFieldView+Additions.h"; sourceTree = "<group>"; };
		3AE4143F1F81AD4E0008B292 /* IQUIViewController+Additions.m */ = {isa = PBXFileReference; lastKnownFileType = sourcecode.c.objc; path = "IQUIViewController+Additions.m"; sourceTree = "<group>"; };
		3AE414401F81AD4E0008B292 /* IQUIView+Hierarchy.h */ = {isa = PBXFileReference; lastKnownFileType = sourcecode.c.h; path = "IQUIView+Hierarchy.h"; sourceTree = "<group>"; };
		3AE414411F81AD4E0008B292 /* IQKeyboardReturnKeyHandler.m */ = {isa = PBXFileReference; lastKnownFileType = sourcecode.c.objc; path = IQKeyboardReturnKeyHandler.m; sourceTree = "<group>"; };
		3AE414541F81C7900008B292 /* DeviceTableViewCell.h */ = {isa = PBXFileReference; lastKnownFileType = sourcecode.c.h; path = DeviceTableViewCell.h; sourceTree = "<group>"; };
		3AE414551F81C7900008B292 /* DeviceTableViewCell.m */ = {isa = PBXFileReference; lastKnownFileType = sourcecode.c.objc; path = DeviceTableViewCell.m; sourceTree = "<group>"; };
		3AED02841F7A43160072D788 /* SplashScreenViewController.h */ = {isa = PBXFileReference; lastKnownFileType = sourcecode.c.h; path = SplashScreenViewController.h; sourceTree = "<group>"; };
		3AED02851F7A43160072D788 /* SplashScreenViewController.m */ = {isa = PBXFileReference; lastKnownFileType = sourcecode.c.objc; path = SplashScreenViewController.m; sourceTree = "<group>"; };
		3AF67BE51F7EE4C30074D7BE /* LocalDatabaseService.h */ = {isa = PBXFileReference; lastKnownFileType = sourcecode.c.h; path = LocalDatabaseService.h; sourceTree = "<group>"; };
		3AF67BE61F7EE4C30074D7BE /* LocalDatabaseService.m */ = {isa = PBXFileReference; lastKnownFileType = sourcecode.c.objc; path = LocalDatabaseService.m; sourceTree = "<group>"; };
/* End PBXFileReference section */

/* Begin PBXFrameworksBuildPhase section */
		3A16900D1F78675F00D26755 /* Frameworks */ = {
			isa = PBXFrameworksBuildPhase;
			buildActionMask = 2147483647;
			files = (
			);
			runOnlyForDeploymentPostprocessing = 0;
		};
/* End PBXFrameworksBuildPhase section */

/* Begin PBXGroup section */
		3A1251D51F7ECD3600D2C198 /* Services */ = {
			isa = PBXGroup;
			children = (
				3AE414161F8126DF0008B292 /* DevicesService */,
				3AF67BE41F7EE4A10074D7BE /* LocalDatabaseService */,
				3A7FBB2C1F7A407C00E6F0FB /* NetworkingService */,
				3A7FBB2B1F7A305300E6F0FB /* EspTouchService */,
			);
			path = Services;
			sourceTree = "<group>";
		};
		3A1251D61F7ECD6F00D2C198 /* Screens */ = {
			isa = PBXGroup;
			children = (
				3AED02871F7A431A0072D788 /* SplashScreen */,
				3AB017171F7C655A0010EE46 /* SignUpViewController */,
				3AB0171B1F7C65850010EE46 /* SignInViewController */,
				3A7FBB0F1F79B1B100E6F0FB /* AddDevice */,
				3A7FBB0B1F79A7CA00E6F0FB /* Devices */,
			);
			path = Screens;
			sourceTree = "<group>";
		};
		3A1251D71F7ECD8C00D2C198 /* Other */ = {
			isa = PBXGroup;
			children = (
				3AE4141D1F81AD4E0008B292 /* IQKeyboardManager */,
				3A7FBB091F79A72800E6F0FB /* EmptyDataSet */,
				3AB017211F7C6A4D0010EE46 /* KeyboardAvoiding */,
			);
			path = Other;
			sourceTree = "<group>";
		};
		3A1251D81F7ECD9500D2C198 /* Storyboards */ = {
			isa = PBXGroup;
			children = (
				3A1690211F78675F00D26755 /* LaunchScreen.storyboard */,
				3A7FBB131F79B88C00E6F0FB /* Auth.storyboard */,
				3A1690191F78675F00D26755 /* Main.storyboard */,
			);
			path = Storyboards;
			sourceTree = "<group>";
		};
		3A1251D91F7ECDBC00D2C198 /* Model */ = {
			isa = PBXGroup;
			children = (
				3A1251DA1F7ECDC700D2C198 /* Entities */,
				3A1251D51F7ECD3600D2C198 /* Services */,
			);
			path = Model;
			sourceTree = "<group>";
		};
		3A1251DA1F7ECDC700D2C198 /* Entities */ = {
			isa = PBXGroup;
			children = (
				3A1251DB1F7ECDE500D2C198 /* UserInfo.h */,
				3A1251DC1F7ECDE500D2C198 /* UserInfo.m */,
				3AE4141A1F812DFB0008B292 /* Device.h */,
				3AE4141B1F812DFB0008B292 /* Device.m */,
			);
			path = Entities;
			sourceTree = "<group>";
		};
		3A1690071F78675F00D26755 = {
			isa = PBXGroup;
			children = (
				3A1690121F78675F00D26755 /* ESPCON */,
				3A1690111F78675F00D26755 /* Products */,
			);
			sourceTree = "<group>";
		};
		3A1690111F78675F00D26755 /* Products */ = {
			isa = PBXGroup;
			children = (
				3A1690101F78675F00D26755 /* ESPCON.app */,
			);
			name = Products;
			sourceTree = "<group>";
		};
		3A1690121F78675F00D26755 /* ESPCON */ = {
			isa = PBXGroup;
			children = (
				3A7FBB0A1F79A78400E6F0FB /* AppDelegate */,
				3A1251D61F7ECD6F00D2C198 /* Screens */,
				3A1251D81F7ECD9500D2C198 /* Storyboards */,
				3A1251D91F7ECDBC00D2C198 /* Model */,
				3A1251D71F7ECD8C00D2C198 /* Other */,
				3A16901F1F78675F00D26755 /* Assets.xcassets */,
				3A1690241F78675F00D26755 /* Info.plist */,
				3A1690251F78675F00D26755 /* main.m */,
				3AB0171C1F7C6A3A0010EE46 /* ESPCON-Bridging-Header.h */,
				3A16901C1F78675F00D26755 /* ESPCON.xcdatamodeld */,
			);
			path = ESPCON;
			sourceTree = "<group>";
		};
		3A7FBB091F79A72800E6F0FB /* EmptyDataSet */ = {
			isa = PBXGroup;
			children = (
				3A7FBB071F79A72100E6F0FB /* UIScrollView+EmptyDataSet.h */,
				3A7FBB061F79A72100E6F0FB /* UIScrollView+EmptyDataSet.m */,
			);
			path = EmptyDataSet;
			sourceTree = "<group>";
		};
		3A7FBB0A1F79A78400E6F0FB /* AppDelegate */ = {
			isa = PBXGroup;
			children = (
				3A1690131F78675F00D26755 /* AppDelegate.h */,
				3A1690141F78675F00D26755 /* AppDelegate.m */,
			);
			path = AppDelegate;
			sourceTree = "<group>";
		};
		3A7FBB0B1F79A7CA00E6F0FB /* Devices */ = {
			isa = PBXGroup;
			children = (
				3A7FBB0C1F79A82200E6F0FB /* DevicesViewController.h */,
				3A7FBB0D1F79A82200E6F0FB /* DevicesViewController.m */,
				3AE414541F81C7900008B292 /* DeviceTableViewCell.h */,
				3AE414551F81C7900008B292 /* DeviceTableViewCell.m */,
			);
			path = Devices;
			sourceTree = "<group>";
		};
		3A7FBB0F1F79B1B100E6F0FB /* AddDevice */ = {
			isa = PBXGroup;
			children = (
				3A7FBB101F79B1C400E6F0FB /* AddDeviceViewController.h */,
				3A7FBB111F79B1C400E6F0FB /* AddDeviceViewController.m */,
			);
			path = AddDevice;
			sourceTree = "<group>";
		};
		3A7FBB2B1F7A305300E6F0FB /* EspTouchService */ = {
			isa = PBXGroup;
			children = (
				3A7FBB281F7A304E00E6F0FB /* EspTouchService.h */,
				3A7FBB291F7A304E00E6F0FB /* EspTouchService.m */,
			);
			path = EspTouchService;
			sourceTree = "<group>";
		};
		3A7FBB2C1F7A407C00E6F0FB /* NetworkingService */ = {
			isa = PBXGroup;
			children = (
				3A7FBB2D1F7A40A900E6F0FB /* NetworkingService.h */,
				3A7FBB2E1F7A40A900E6F0FB /* NetworkingService.m */,
			);
			path = NetworkingService;
			sourceTree = "<group>";
		};
		3AB017171F7C655A0010EE46 /* SignUpViewController */ = {
			isa = PBXGroup;
			children = (
				3AB017141F7C65540010EE46 /* SignUpViewController.h */,
				3AB017151F7C65540010EE46 /* SignUpViewController.m */,
			);
			path = SignUpViewController;
			sourceTree = "<group>";
		};
		3AB0171B1F7C65850010EE46 /* SignInViewController */ = {
			isa = PBXGroup;
			children = (
				3AB017181F7C657F0010EE46 /* SignInViewController.h */,
				3AB017191F7C657F0010EE46 /* SignInViewController.m */,
			);
			path = SignInViewController;
			sourceTree = "<group>";
		};
		3AB017211F7C6A4D0010EE46 /* KeyboardAvoiding */ = {
			isa = PBXGroup;
			children = (
				3AB0171E1F7C6A3F0010EE46 /* KeyboardAvoiding.swift */,
				3AB0171D1F7C6A3E0010EE46 /* KeyboardDismissingView.swift */,
			);
			path = KeyboardAvoiding;
			sourceTree = "<group>";
		};
		3AE414161F8126DF0008B292 /* DevicesService */ = {
			isa = PBXGroup;
			children = (
				3AE414171F8126FE0008B292 /* DevicesService.h */,
				3AE414181F8126FE0008B292 /* DevicesService.m */,
			);
			path = DevicesService;
			sourceTree = "<group>";
		};
		3AE4141D1F81AD4E0008B292 /* IQKeyboardManager */ = {
			isa = PBXGroup;
			children = (
				3AE4141E1F81AD4E0008B292 /* IQTextView */,
				3AE414211F81AD4E0008B292 /* IQToolbar */,
				3AE4142C1F81AD4E0008B292 /* Constants */,
				3AE4142F1F81AD4E0008B292 /* Resources */,
				3AE414311F81AD4E0008B292 /* IQKeyboardReturnKeyHandler.h */,
				3AE414321F81AD4E0008B292 /* IQKeyboardManager.h */,
				3AE414331F81AD4E0008B292 /* IQKeyboardManager.m */,
				3AE414341F81AD4E0008B292 /* Categories */,
				3AE414411F81AD4E0008B292 /* IQKeyboardReturnKeyHandler.m */,
			);
			path = IQKeyboardManager;
			sourceTree = "<group>";
		};
		3AE4141E1F81AD4E0008B292 /* IQTextView */ = {
			isa = PBXGroup;
			children = (
				3AE4141F1F81AD4E0008B292 /* IQTextView.m */,
				3AE414201F81AD4E0008B292 /* IQTextView.h */,
			);
			path = IQTextView;
			sourceTree = "<group>";
		};
		3AE414211F81AD4E0008B292 /* IQToolbar */ = {
			isa = PBXGroup;
			children = (
				3AE414221F81AD4E0008B292 /* IQUIView+IQKeyboardToolbar.h */,
				3AE414231F81AD4E0008B292 /* IQToolbar.m */,
				3AE414241F81AD4E0008B292 /* IQPreviousNextView.h */,
				3AE414251F81AD4E0008B292 /* IQTitleBarButtonItem.m */,
				3AE414261F81AD4E0008B292 /* IQBarButtonItem.m */,
				3AE414271F81AD4E0008B292 /* IQUIView+IQKeyboardToolbar.m */,
				3AE414281F81AD4E0008B292 /* IQPreviousNextView.m */,
				3AE414291F81AD4E0008B292 /* IQToolbar.h */,
				3AE4142A1F81AD4E0008B292 /* IQBarButtonItem.h */,
				3AE4142B1F81AD4E0008B292 /* IQTitleBarButtonItem.h */,
			);
			path = IQToolbar;
			sourceTree = "<group>";
		};
		3AE4142C1F81AD4E0008B292 /* Constants */ = {
			isa = PBXGroup;
			children = (
				3AE4142D1F81AD4E0008B292 /* IQKeyboardManagerConstantsInternal.h */,
				3AE4142E1F81AD4E0008B292 /* IQKeyboardManagerConstants.h */,
			);
			path = Constants;
			sourceTree = "<group>";
		};
		3AE4142F1F81AD4E0008B292 /* Resources */ = {
			isa = PBXGroup;
			children = (
				3AE414301F81AD4E0008B292 /* IQKeyboardManager.bundle */,
			);
			path = Resources;
			sourceTree = "<group>";
		};
		3AE414341F81AD4E0008B292 /* Categories */ = {
			isa = PBXGroup;
			children = (
				3AE414351F81AD4E0008B292 /* IQNSArray+Sort.m */,
				3AE414361F81AD4E0008B292 /* IQUIWindow+Hierarchy.m */,
				3AE414371F81AD4E0008B292 /* IQUIViewController+Additions.h */,
				3AE414381F81AD4E0008B292 /* IQUITextFieldView+Additions.m */,
				3AE414391F81AD4E0008B292 /* IQUIScrollView+Additions.m */,
				3AE4143A1F81AD4E0008B292 /* IQUIView+Hierarchy.m */,
				3AE4143B1F81AD4E0008B292 /* IQUIWindow+Hierarchy.h */,
				3AE4143C1F81AD4E0008B292 /* IQNSArray+Sort.h */,
				3AE4143D1F81AD4E0008B292 /* IQUIScrollView+Additions.h */,
				3AE4143E1F81AD4E0008B292 /* IQUITextFieldView+Additions.h */,
				3AE4143F1F81AD4E0008B292 /* IQUIViewController+Additions.m */,
				3AE414401F81AD4E0008B292 /* IQUIView+Hierarchy.h */,
			);
			path = Categories;
			sourceTree = "<group>";
		};
		3AED02871F7A431A0072D788 /* SplashScreen */ = {
			isa = PBXGroup;
			children = (
				3AED02841F7A43160072D788 /* SplashScreenViewController.h */,
				3AED02851F7A43160072D788 /* SplashScreenViewController.m */,
			);
			path = SplashScreen;
			sourceTree = "<group>";
		};
		3AF67BE41F7EE4A10074D7BE /* LocalDatabaseService */ = {
			isa = PBXGroup;
			children = (
				3AF67BE51F7EE4C30074D7BE /* LocalDatabaseService.h */,
				3AF67BE61F7EE4C30074D7BE /* LocalDatabaseService.m */,
			);
			path = LocalDatabaseService;
			sourceTree = "<group>";
		};
/* End PBXGroup section */

/* Begin PBXNativeTarget section */
		3A16900F1F78675F00D26755 /* ESPCON */ = {
			isa = PBXNativeTarget;
			buildConfigurationList = 3A1690291F78675F00D26755 /* Build configuration list for PBXNativeTarget "ESPCON" */;
			buildPhases = (
				3A16900C1F78675F00D26755 /* Sources */,
				3A16900D1F78675F00D26755 /* Frameworks */,
				3A16900E1F78675F00D26755 /* Resources */,
			);
			buildRules = (
			);
			dependencies = (
			);
			name = ESPCON;
			productName = ESPCON;
			productReference = 3A1690101F78675F00D26755 /* ESPCON.app */;
			productType = "com.apple.product-type.application";
		};
/* End PBXNativeTarget section */

/* Begin PBXProject section */
		3A1690081F78675F00D26755 /* Project object */ = {
			isa = PBXProject;
			attributes = {
				LastUpgradeCheck = 0900;
				ORGANIZATIONNAME = "Alex Vihlayew";
				TargetAttributes = {
					3A16900F1F78675F00D26755 = {
						CreatedOnToolsVersion = 9.0;
						LastSwiftMigration = 0900;
						ProvisioningStyle = Automatic;
					};
				};
			};
			buildConfigurationList = 3A16900B1F78675F00D26755 /* Build configuration list for PBXProject "ESPCON" */;
			compatibilityVersion = "Xcode 8.0";
			developmentRegion = en;
			hasScannedForEncodings = 0;
			knownRegions = (
				en,
				Base,
			);
			mainGroup = 3A1690071F78675F00D26755;
			productRefGroup = 3A1690111F78675F00D26755 /* Products */;
			projectDirPath = "";
			projectRoot = "";
			targets = (
				3A16900F1F78675F00D26755 /* ESPCON */,
			);
		};
/* End PBXProject section */

/* Begin PBXResourcesBuildPhase section */
		3A16900E1F78675F00D26755 /* Resources */ = {
			isa = PBXResourcesBuildPhase;
			buildActionMask = 2147483647;
			files = (
				3A7FBB141F79B88C00E6F0FB /* Auth.storyboard in Resources */,
				3A1690231F78675F00D26755 /* LaunchScreen.storyboard in Resources */,
				3A1690201F78675F00D26755 /* Assets.xcassets in Resources */,
				3A16901B1F78675F00D26755 /* Main.storyboard in Resources */,
			);
			runOnlyForDeploymentPostprocessing = 0;
		};
/* End PBXResourcesBuildPhase section */

/* Begin PBXSourcesBuildPhase section */
		3A16900C1F78675F00D26755 /* Sources */ = {
			isa = PBXSourcesBuildPhase;
			buildActionMask = 2147483647;
			files = (
				3A16901E1F78675F00D26755 /* ESPCON.xcdatamodeld in Sources */,
				3AE4144F1F81AE7C0008B292 /* IQUIViewController+Additions.m in Sources */,
				3AE4144D1F81AE7C0008B292 /* IQUIScrollView+Additions.m in Sources */,
				3A1690261F78675F00D26755 /* main.m in Sources */,
				3AE414461F81AE4C0008B292 /* IQBarButtonItem.m in Sources */,
				3AE4144E1F81AE7C0008B292 /* IQUIView+Hierarchy.m in Sources */,
				3AE414451F81AE490008B292 /* IQToolbar.m in Sources */,
				3AED02861F7A43160072D788 /* SplashScreenViewController.m in Sources */,
				3AE414491F81AE710008B292 /* IQKeyboardManager.m in Sources */,
				3A7FBB121F79B1C400E6F0FB /* AddDeviceViewController.m in Sources */,
				3AE414471F81AE500008B292 /* IQUIView+IQKeyboardToolbar.m in Sources */,
				3AE414561F81C7900008B292 /* DeviceTableViewCell.m in Sources */,
				3AF67BE71F7EE4C30074D7BE /* LocalDatabaseService.m in Sources */,
				3AE414481F81AE530008B292 /* IQPreviousNextView.m in Sources */,
				3AE414441F81AE460008B292 /* IQTitleBarButtonItem.m in Sources */,
				3AB0171A1F7C657F0010EE46 /* SignInViewController.m in Sources */,
				3AB0171F1F7C6A420010EE46 /* KeyboardDismissingView.swift in Sources */,
				3A1251DD1F7ECDE500D2C198 /* UserInfo.m in Sources */,
				3AB017201F7C6A420010EE46 /* KeyboardAvoiding.swift in Sources */,
				3A1690151F78675F00D26755 /* AppDelegate.m in Sources */,
				3AE4144A1F81AE7C0008B292 /* IQNSArray+Sort.m in Sources */,
				3A7FBB2A1F7A304E00E6F0FB /* EspTouchService.m in Sources */,
				3AE4144C1F81AE7C0008B292 /* IQUITextFieldView+Additions.m in Sources */,
				3A7FBB0E1F79A82200E6F0FB /* DevicesViewController.m in Sources */,
				3A7FBB081F79A72100E6F0FB /* UIScrollView+EmptyDataSet.m in Sources */,
				3AE414421F81AE0D0008B292 /* IQKeyboardReturnKeyHandler.m in Sources */,
				3AE4144B1F81AE7C0008B292 /* IQUIWindow+Hierarchy.m in Sources */,
				3AE4141C1F812DFB0008B292 /* Device.m in Sources */,
				3AB017161F7C65540010EE46 /* SignUpViewController.m in Sources */,
				3AE414431F81AE370008B292 /* IQTextView.m in Sources */,
				3A7FBB2F1F7A40A900E6F0FB /* NetworkingService.m in Sources */,
				3AE414191F8126FE0008B292 /* DevicesService.m in Sources */,
			);
			runOnlyForDeploymentPostprocessing = 0;
		};
/* End PBXSourcesBuildPhase section */

/* Begin PBXVariantGroup section */
		3A1690191F78675F00D26755 /* Main.storyboard */ = {
			isa = PBXVariantGroup;
			children = (
				3A16901A1F78675F00D26755 /* Base */,
			);
			name = Main.storyboard;
			sourceTree = "<group>";
		};
		3A1690211F78675F00D26755 /* LaunchScreen.storyboard */ = {
			isa = PBXVariantGroup;
			children = (
				3A1690221F78675F00D26755 /* Base */,
			);
			name = LaunchScreen.storyboard;
			sourceTree = "<group>";
		};
/* End PBXVariantGroup section */

/* Begin XCBuildConfiguration section */
		3A1690271F78675F00D26755 /* Debug */ = {
			isa = XCBuildConfiguration;
			buildSettings = {
				ALWAYS_SEARCH_USER_PATHS = NO;
				CLANG_ANALYZER_NONNULL = YES;
				CLANG_ANALYZER_NUMBER_OBJECT_CONVERSION = YES_AGGRESSIVE;
				CLANG_CXX_LANGUAGE_STANDARD = "gnu++14";
				CLANG_CXX_LIBRARY = "libc++";
				CLANG_ENABLE_MODULES = YES;
				CLANG_ENABLE_OBJC_ARC = YES;
				CLANG_WARN_BLOCK_CAPTURE_AUTORELEASING = YES;
				CLANG_WARN_BOOL_CONVERSION = YES;
				CLANG_WARN_COMMA = YES;
				CLANG_WARN_CONSTANT_CONVERSION = YES;
				CLANG_WARN_DIRECT_OBJC_ISA_USAGE = YES_ERROR;
				CLANG_WARN_DOCUMENTATION_COMMENTS = YES;
				CLANG_WARN_EMPTY_BODY = YES;
				CLANG_WARN_ENUM_CONVERSION = YES;
				CLANG_WARN_INFINITE_RECURSION = YES;
				CLANG_WARN_INT_CONVERSION = YES;
				CLANG_WARN_NON_LITERAL_NULL_CONVERSION = YES;
				CLANG_WARN_OBJC_LITERAL_CONVERSION = YES;
				CLANG_WARN_OBJC_ROOT_CLASS = YES_ERROR;
				CLANG_WARN_RANGE_LOOP_ANALYSIS = YES;
				CLANG_WARN_STRICT_PROTOTYPES = YES;
				CLANG_WARN_SUSPICIOUS_MOVE = YES;
				CLANG_WARN_UNGUARDED_AVAILABILITY = YES_AGGRESSIVE;
				CLANG_WARN_UNREACHABLE_CODE = YES;
				CLANG_WARN__DUPLICATE_METHOD_MATCH = YES;
				CODE_SIGN_IDENTITY = "iPhone Developer";
				COPY_PHASE_STRIP = NO;
				DEBUG_INFORMATION_FORMAT = dwarf;
				ENABLE_STRICT_OBJC_MSGSEND = YES;
				ENABLE_TESTABILITY = YES;
				GCC_C_LANGUAGE_STANDARD = gnu11;
				GCC_DYNAMIC_NO_PIC = NO;
				GCC_NO_COMMON_BLOCKS = YES;
				GCC_OPTIMIZATION_LEVEL = 0;
				GCC_PREPROCESSOR_DEFINITIONS = (
					"DEBUG=1",
					"$(inherited)",
				);
				GCC_WARN_64_TO_32_BIT_CONVERSION = YES;
				GCC_WARN_ABOUT_RETURN_TYPE = YES_ERROR;
				GCC_WARN_UNDECLARED_SELECTOR = YES;
				GCC_WARN_UNINITIALIZED_AUTOS = YES_AGGRESSIVE;
				GCC_WARN_UNUSED_FUNCTION = YES;
				GCC_WARN_UNUSED_VARIABLE = YES;
				IPHONEOS_DEPLOYMENT_TARGET = 10.0;
				MTL_ENABLE_DEBUG_INFO = YES;
				ONLY_ACTIVE_ARCH = YES;
				SDKROOT = iphoneos;
			};
			name = Debug;
		};
		3A1690281F78675F00D26755 /* Release */ = {
			isa = XCBuildConfiguration;
			buildSettings = {
				ALWAYS_SEARCH_USER_PATHS = NO;
				CLANG_ANALYZER_NONNULL = YES;
				CLANG_ANALYZER_NUMBER_OBJECT_CONVERSION = YES_AGGRESSIVE;
				CLANG_CXX_LANGUAGE_STANDARD = "gnu++14";
				CLANG_CXX_LIBRARY = "libc++";
				CLANG_ENABLE_MODULES = YES;
				CLANG_ENABLE_OBJC_ARC = YES;
				CLANG_WARN_BLOCK_CAPTURE_AUTORELEASING = YES;
				CLANG_WARN_BOOL_CONVERSION = YES;
				CLANG_WARN_COMMA = YES;
				CLANG_WARN_CONSTANT_CONVERSION = YES;
				CLANG_WARN_DIRECT_OBJC_ISA_USAGE = YES_ERROR;
				CLANG_WARN_DOCUMENTATION_COMMENTS = YES;
				CLANG_WARN_EMPTY_BODY = YES;
				CLANG_WARN_ENUM_CONVERSION = YES;
				CLANG_WARN_INFINITE_RECURSION = YES;
				CLANG_WARN_INT_CONVERSION = YES;
				CLANG_WARN_NON_LITERAL_NULL_CONVERSION = YES;
				CLANG_WARN_OBJC_LITERAL_CONVERSION = YES;
				CLANG_WARN_OBJC_ROOT_CLASS = YES_ERROR;
				CLANG_WARN_RANGE_LOOP_ANALYSIS = YES;
				CLANG_WARN_STRICT_PROTOTYPES = YES;
				CLANG_WARN_SUSPICIOUS_MOVE = YES;
				CLANG_WARN_UNGUARDED_AVAILABILITY = YES_AGGRESSIVE;
				CLANG_WARN_UNREACHABLE_CODE = YES;
				CLANG_WARN__DUPLICATE_METHOD_MATCH = YES;
				CODE_SIGN_IDENTITY = "iPhone Developer";
				COPY_PHASE_STRIP = NO;
				DEBUG_INFORMATION_FORMAT = "dwarf-with-dsym";
				ENABLE_NS_ASSERTIONS = NO;
				ENABLE_STRICT_OBJC_MSGSEND = YES;
				GCC_C_LANGUAGE_STANDARD = gnu11;
				GCC_NO_COMMON_BLOCKS = YES;
				GCC_WARN_64_TO_32_BIT_CONVERSION = YES;
				GCC_WARN_ABOUT_RETURN_TYPE = YES_ERROR;
				GCC_WARN_UNDECLARED_SELECTOR = YES;
				GCC_WARN_UNINITIALIZED_AUTOS = YES_AGGRESSIVE;
				GCC_WARN_UNUSED_FUNCTION = YES;
				GCC_WARN_UNUSED_VARIABLE = YES;
				IPHONEOS_DEPLOYMENT_TARGET = 10.0;
				MTL_ENABLE_DEBUG_INFO = NO;
				SDKROOT = iphoneos;
				VALIDATE_PRODUCT = YES;
			};
			name = Release;
		};
		3A16902A1F78675F00D26755 /* Debug */ = {
			isa = XCBuildConfiguration;
			buildSettings = {
				ASSETCATALOG_COMPILER_APPICON_NAME = AppIcon;
				CLANG_ENABLE_MODULES = YES;
				CODE_SIGN_STYLE = Automatic;
				DEVELOPMENT_TEAM = 22U234HGU8;
				INFOPLIST_FILE = ESPCON/Info.plist;
				IPHONEOS_DEPLOYMENT_TARGET = 10.0;
				LD_RUNPATH_SEARCH_PATHS = "$(inherited) @executable_path/Frameworks";
				PRODUCT_BUNDLE_IDENTIFIER = vihlayew.ESPCON;
				PRODUCT_NAME = "$(TARGET_NAME)";
				SWIFT_OBJC_BRIDGING_HEADER = "ESPCON/ESPCON-Bridging-Header.h";
				SWIFT_OPTIMIZATION_LEVEL = "-Onone";
				SWIFT_VERSION = 3.0;
				TARGETED_DEVICE_FAMILY = "1,2";
			};
			name = Debug;
		};
		3A16902B1F78675F00D26755 /* Release */ = {
			isa = XCBuildConfiguration;
			buildSettings = {
				ASSETCATALOG_COMPILER_APPICON_NAME = AppIcon;
				CLANG_ENABLE_MODULES = YES;
				CODE_SIGN_STYLE = Automatic;
				DEVELOPMENT_TEAM = 22U234HGU8;
				INFOPLIST_FILE = ESPCON/Info.plist;
				IPHONEOS_DEPLOYMENT_TARGET = 10.0;
				LD_RUNPATH_SEARCH_PATHS = "$(inherited) @executable_path/Frameworks";
				PRODUCT_BUNDLE_IDENTIFIER = vihlayew.ESPCON;
				PRODUCT_NAME = "$(TARGET_NAME)";
				SWIFT_OBJC_BRIDGING_HEADER = "ESPCON/ESPCON-Bridging-Header.h";
				SWIFT_VERSION = 3.0;
				TARGETED_DEVICE_FAMILY = "1,2";
			};
			name = Release;
		};
/* End XCBuildConfiguration section */

/* Begin XCConfigurationList section */
		3A16900B1F78675F00D26755 /* Build configuration list for PBXProject "ESPCON" */ = {
			isa = XCConfigurationList;
			buildConfigurations = (
				3A1690271F78675F00D26755 /* Debug */,
				3A1690281F78675F00D26755 /* Release */,
			);
			defaultConfigurationIsVisible = 0;
			defaultConfigurationName = Release;
		};
		3A1690291F78675F00D26755 /* Build configuration list for PBXNativeTarget "ESPCON" */ = {
			isa = XCConfigurationList;
			buildConfigurations = (
				3A16902A1F78675F00D26755 /* Debug */,
				3A16902B1F78675F00D26755 /* Release */,
			);
			defaultConfigurationIsVisible = 0;
			defaultConfigurationName = Release;
		};
/* End XCConfigurationList section */

/* Begin XCVersionGroup section */
		3A16901C1F78675F00D26755 /* ESPCON.xcdatamodeld */ = {
			isa = XCVersionGroup;
			children = (
				3A16901D1F78675F00D26755 /* ESPCON.xcdatamodel */,
			);
			currentVersion = 3A16901D1F78675F00D26755 /* ESPCON.xcdatamodel */;
			path = ESPCON.xcdatamodeld;
			sourceTree = "<group>";
			versionGroupType = wrapper.xcdatamodel;
		};
/* End XCVersionGroup section */
	};
	rootObject = 3A1690081F78675F00D26755 /* Project object */;
}
